// !$*UTF8*$!
{
	archiveVersion = 1;
	classes = {
	};
	objectVersion = 46;
	objects = {

/* Begin PBXBuildFile section */
		537D1F7B1E94D795009FBC0C /* Pods_gogogo.framework in Frameworks */ = {isa = PBXBuildFile; fileRef = 537D1F7A1E94D795009FBC0C /* Pods_gogogo.framework */; };
		537D1FAD1E94DC5F009FBC0C /* SLScreenEdgePanGestureRecognizer.m in Sources */ = {isa = PBXBuildFile; fileRef = 537D1F841E94DC5F009FBC0C /* SLScreenEdgePanGestureRecognizer.m */; };
		537D1FAE1E94DC5F009FBC0C /* SLSlideMenu.m in Sources */ = {isa = PBXBuildFile; fileRef = 537D1F861E94DC5F009FBC0C /* SLSlideMenu.m */; };
		537D1FAF1E94DC5F009FBC0C /* Constraint.swift in Sources */ = {isa = PBXBuildFile; fileRef = 537D1F881E94DC5F009FBC0C /* Constraint.swift */; };
		537D1FB01E94DC5F009FBC0C /* ConstraintAttributes.swift in Sources */ = {isa = PBXBuildFile; fileRef = 537D1F891E94DC5F009FBC0C /* ConstraintAttributes.swift */; };
		537D1FB11E94DC5F009FBC0C /* ConstraintConfig.swift in Sources */ = {isa = PBXBuildFile; fileRef = 537D1F8A1E94DC5F009FBC0C /* ConstraintConfig.swift */; };
		537D1FB21E94DC5F009FBC0C /* ConstraintConstantTarget.swift in Sources */ = {isa = PBXBuildFile; fileRef = 537D1F8B1E94DC5F009FBC0C /* ConstraintConstantTarget.swift */; };
		537D1FB31E94DC5F009FBC0C /* ConstraintDescription.swift in Sources */ = {isa = PBXBuildFile; fileRef = 537D1F8C1E94DC5F009FBC0C /* ConstraintDescription.swift */; };
		537D1FB41E94DC5F009FBC0C /* ConstraintDSL.swift in Sources */ = {isa = PBXBuildFile; fileRef = 537D1F8D1E94DC5F009FBC0C /* ConstraintDSL.swift */; };
		537D1FB51E94DC5F009FBC0C /* ConstraintInsets.swift in Sources */ = {isa = PBXBuildFile; fileRef = 537D1F8E1E94DC5F009FBC0C /* ConstraintInsets.swift */; };
		537D1FB61E94DC5F009FBC0C /* ConstraintInsetTarget.swift in Sources */ = {isa = PBXBuildFile; fileRef = 537D1F8F1E94DC5F009FBC0C /* ConstraintInsetTarget.swift */; };
		537D1FB71E94DC5F009FBC0C /* ConstraintItem.swift in Sources */ = {isa = PBXBuildFile; fileRef = 537D1F901E94DC5F009FBC0C /* ConstraintItem.swift */; };
		537D1FB81E94DC5F009FBC0C /* ConstraintLayoutGuide+Extensions.swift in Sources */ = {isa = PBXBuildFile; fileRef = 537D1F911E94DC5F009FBC0C /* ConstraintLayoutGuide+Extensions.swift */; };
		537D1FB91E94DC5F009FBC0C /* ConstraintLayoutGuide.swift in Sources */ = {isa = PBXBuildFile; fileRef = 537D1F921E94DC5F009FBC0C /* ConstraintLayoutGuide.swift */; };
		537D1FBA1E94DC5F009FBC0C /* ConstraintLayoutGuideDSL.swift in Sources */ = {isa = PBXBuildFile; fileRef = 537D1F931E94DC5F009FBC0C /* ConstraintLayoutGuideDSL.swift */; };
		537D1FBB1E94DC5F009FBC0C /* ConstraintLayoutSupport.swift in Sources */ = {isa = PBXBuildFile; fileRef = 537D1F941E94DC5F009FBC0C /* ConstraintLayoutSupport.swift */; };
		537D1FBC1E94DC5F009FBC0C /* ConstraintLayoutSupportDSL.swift in Sources */ = {isa = PBXBuildFile; fileRef = 537D1F951E94DC5F009FBC0C /* ConstraintLayoutSupportDSL.swift */; };
		537D1FBD1E94DC5F009FBC0C /* ConstraintMaker.swift in Sources */ = {isa = PBXBuildFile; fileRef = 537D1F961E94DC5F009FBC0C /* ConstraintMaker.swift */; };
		537D1FBE1E94DC5F009FBC0C /* ConstraintMakerEditable.swift in Sources */ = {isa = PBXBuildFile; fileRef = 537D1F971E94DC5F009FBC0C /* ConstraintMakerEditable.swift */; };
		537D1FBF1E94DC5F009FBC0C /* ConstraintMakerExtendable.swift in Sources */ = {isa = PBXBuildFile; fileRef = 537D1F981E94DC5F009FBC0C /* ConstraintMakerExtendable.swift */; };
		537D1FC01E94DC5F009FBC0C /* ConstraintMakerFinalizable.swift in Sources */ = {isa = PBXBuildFile; fileRef = 537D1F991E94DC5F009FBC0C /* ConstraintMakerFinalizable.swift */; };
		537D1FC11E94DC5F009FBC0C /* ConstraintMakerPriortizable.swift in Sources */ = {isa = PBXBuildFile; fileRef = 537D1F9A1E94DC5F009FBC0C /* ConstraintMakerPriortizable.swift */; };
		537D1FC21E94DC5F009FBC0C /* ConstraintMakerRelatable.swift in Sources */ = {isa = PBXBuildFile; fileRef = 537D1F9B1E94DC5F009FBC0C /* ConstraintMakerRelatable.swift */; };
		537D1FC31E94DC5F009FBC0C /* ConstraintMultiplierTarget.swift in Sources */ = {isa = PBXBuildFile; fileRef = 537D1F9C1E94DC5F009FBC0C /* ConstraintMultiplierTarget.swift */; };
		537D1FC41E94DC5F009FBC0C /* ConstraintOffsetTarget.swift in Sources */ = {isa = PBXBuildFile; fileRef = 537D1F9D1E94DC5F009FBC0C /* ConstraintOffsetTarget.swift */; };
		537D1FC51E94DC5F009FBC0C /* ConstraintPriority.swift in Sources */ = {isa = PBXBuildFile; fileRef = 537D1F9E1E94DC5F009FBC0C /* ConstraintPriority.swift */; };
		537D1FC61E94DC5F009FBC0C /* ConstraintPriorityTarget.swift in Sources */ = {isa = PBXBuildFile; fileRef = 537D1F9F1E94DC5F009FBC0C /* ConstraintPriorityTarget.swift */; };
		537D1FC71E94DC5F009FBC0C /* ConstraintRelatableTarget.swift in Sources */ = {isa = PBXBuildFile; fileRef = 537D1FA01E94DC5F009FBC0C /* ConstraintRelatableTarget.swift */; };
		537D1FC81E94DC5F009FBC0C /* ConstraintRelation.swift in Sources */ = {isa = PBXBuildFile; fileRef = 537D1FA11E94DC5F009FBC0C /* ConstraintRelation.swift */; };
		537D1FC91E94DC5F009FBC0C /* ConstraintView+Extensions.swift in Sources */ = {isa = PBXBuildFile; fileRef = 537D1FA21E94DC5F009FBC0C /* ConstraintView+Extensions.swift */; };
		537D1FCA1E94DC5F009FBC0C /* ConstraintView.swift in Sources */ = {isa = PBXBuildFile; fileRef = 537D1FA31E94DC5F009FBC0C /* ConstraintView.swift */; };
		537D1FCB1E94DC5F009FBC0C /* ConstraintViewDSL.swift in Sources */ = {isa = PBXBuildFile; fileRef = 537D1FA41E94DC5F009FBC0C /* ConstraintViewDSL.swift */; };
		537D1FCC1E94DC5F009FBC0C /* Debugging.swift in Sources */ = {isa = PBXBuildFile; fileRef = 537D1FA51E94DC5F009FBC0C /* Debugging.swift */; };
		537D1FCD1E94DC5F009FBC0C /* Info.plist in Resources */ = {isa = PBXBuildFile; fileRef = 537D1FA61E94DC5F009FBC0C /* Info.plist */; };
		537D1FCE1E94DC5F009FBC0C /* LayoutConstraint.swift in Sources */ = {isa = PBXBuildFile; fileRef = 537D1FA71E94DC5F009FBC0C /* LayoutConstraint.swift */; };
		537D1FCF1E94DC5F009FBC0C /* LayoutConstraintItem.swift in Sources */ = {isa = PBXBuildFile; fileRef = 537D1FA81E94DC5F009FBC0C /* LayoutConstraintItem.swift */; };
		537D1FD01E94DC5F009FBC0C /* UILayoutSupport+Extensions.swift in Sources */ = {isa = PBXBuildFile; fileRef = 537D1FAA1E94DC5F009FBC0C /* UILayoutSupport+Extensions.swift */; };
		537D1FD11E94DC5F009FBC0C /* CCRequestUtil.swift in Sources */ = {isa = PBXBuildFile; fileRef = 537D1FAC1E94DC5F009FBC0C /* CCRequestUtil.swift */; };
		537D1FD61E94DCA5009FBC0C /* CCLoginController.swift in Sources */ = {isa = PBXBuildFile; fileRef = 537D1FD51E94DCA5009FBC0C /* CCLoginController.swift */; };
		537D1FDB1E94DE0F009FBC0C /* User.m in Sources */ = {isa = PBXBuildFile; fileRef = 537D1FDA1E94DE0F009FBC0C /* User.m */; };
		537D1FDF1E94E109009FBC0C /* ActivityIndicatorButton.m in Sources */ = {isa = PBXBuildFile; fileRef = 537D1FDE1E94E109009FBC0C /* ActivityIndicatorButton.m */; };
		DCE507011E81807B00C46232 /* gogogoTests.swift in Sources */ = {isa = PBXBuildFile; fileRef = DCE507001E81807B00C46232 /* gogogoTests.swift */; };
		DCE5070C1E81807B00C46232 /* gogogoUITests.swift in Sources */ = {isa = PBXBuildFile; fileRef = DCE5070B1E81807B00C46232 /* gogogoUITests.swift */; };
		DCE5071E1E81815700C46232 /* AppDelegate.swift in Sources */ = {isa = PBXBuildFile; fileRef = DCE5071D1E81815700C46232 /* AppDelegate.swift */; };
		DCE507241E81818E00C46232 /* Assets.xcassets in Resources */ = {isa = PBXBuildFile; fileRef = DCE5071F1E81818E00C46232 /* Assets.xcassets */; };
		DCE507261E81818E00C46232 /* Info.plist in Resources */ = {isa = PBXBuildFile; fileRef = DCE507231E81818E00C46232 /* Info.plist */; };
		DCE5072F1E81893800C46232 /* Common.swift in Sources */ = {isa = PBXBuildFile; fileRef = DCE5072E1E81893800C46232 /* Common.swift */; };
		DCE507341E818C3B00C46232 /* CCMainViewController.swift in Sources */ = {isa = PBXBuildFile; fileRef = DCE507311E818C3B00C46232 /* CCMainViewController.swift */; };
		DCE507361E818C8400C46232 /* CCMainTableViewCell.swift in Sources */ = {isa = PBXBuildFile; fileRef = DCE507351E818C8400C46232 /* CCMainTableViewCell.swift */; };
/* End PBXBuildFile section */

/* Begin PBXContainerItemProxy section */
		DCE506FD1E81807B00C46232 /* PBXContainerItemProxy */ = {
			isa = PBXContainerItemProxy;
			containerPortal = DCE506E01E81807B00C46232 /* Project object */;
			proxyType = 1;
			remoteGlobalIDString = DCE506E71E81807B00C46232;
			remoteInfo = gogogo;
		};
		DCE507081E81807B00C46232 /* PBXContainerItemProxy */ = {
			isa = PBXContainerItemProxy;
			containerPortal = DCE506E01E81807B00C46232 /* Project object */;
			proxyType = 1;
			remoteGlobalIDString = DCE506E71E81807B00C46232;
			remoteInfo = gogogo;
		};
/* End PBXContainerItemProxy section */

/* Begin PBXCopyFilesBuildPhase section */
		537D1F7F1E94D7ED009FBC0C /* Embed Frameworks */ = {
			isa = PBXCopyFilesBuildPhase;
			buildActionMask = 2147483647;
			dstPath = "";
			dstSubfolderSpec = 10;
			files = (
			);
			name = "Embed Frameworks";
			runOnlyForDeploymentPostprocessing = 0;
		};
/* End PBXCopyFilesBuildPhase section */

/* Begin PBXFileReference section */
		24BA0E8255AD85CDBA005A28 /* Pods_gogogo.framework */ = {isa = PBXFileReference; explicitFileType = wrapper.framework; includeInIndex = 0; path = Pods_gogogo.framework; sourceTree = BUILT_PRODUCTS_DIR; };
		4C3E7EE6731A75C30FC7F660 /* Pods-gogogo.debug.xcconfig */ = {isa = PBXFileReference; includeInIndex = 1; lastKnownFileType = text.xcconfig; name = "Pods-gogogo.debug.xcconfig"; path = "Pods/Target Support Files/Pods-gogogo/Pods-gogogo.debug.xcconfig"; sourceTree = "<group>"; };
		537D1F7A1E94D795009FBC0C /* Pods_gogogo.framework */ = {isa = PBXFileReference; lastKnownFileType = wrapper.framework; name = Pods_gogogo.framework; path = "../Library/Developer/Xcode/DerivedData/gogogo-aajbfqtxsoakfidcpsniohixjqrz/Build/Products/Debug-iphonesimulator/Pods_gogogo.framework"; sourceTree = "<group>"; };
		537D1F831E94DC5F009FBC0C /* SLScreenEdgePanGestureRecognizer.h */ = {isa = PBXFileReference; fileEncoding = 4; lastKnownFileType = sourcecode.c.h; path = SLScreenEdgePanGestureRecognizer.h; sourceTree = "<group>"; };
		537D1F841E94DC5F009FBC0C /* SLScreenEdgePanGestureRecognizer.m */ = {isa = PBXFileReference; fileEncoding = 4; lastKnownFileType = sourcecode.c.objc; path = SLScreenEdgePanGestureRecognizer.m; sourceTree = "<group>"; };
		537D1F851E94DC5F009FBC0C /* SLSlideMenu.h */ = {isa = PBXFileReference; fileEncoding = 4; lastKnownFileType = sourcecode.c.h; path = SLSlideMenu.h; sourceTree = "<group>"; };
		537D1F861E94DC5F009FBC0C /* SLSlideMenu.m */ = {isa = PBXFileReference; fileEncoding = 4; lastKnownFileType = sourcecode.c.objc; path = SLSlideMenu.m; sourceTree = "<group>"; };
		537D1F881E94DC5F009FBC0C /* Constraint.swift */ = {isa = PBXFileReference; fileEncoding = 4; lastKnownFileType = sourcecode.swift; path = Constraint.swift; sourceTree = "<group>"; };
		537D1F891E94DC5F009FBC0C /* ConstraintAttributes.swift */ = {isa = PBXFileReference; fileEncoding = 4; lastKnownFileType = sourcecode.swift; path = ConstraintAttributes.swift; sourceTree = "<group>"; };
		537D1F8A1E94DC5F009FBC0C /* ConstraintConfig.swift */ = {isa = PBXFileReference; fileEncoding = 4; lastKnownFileType = sourcecode.swift; path = ConstraintConfig.swift; sourceTree = "<group>"; };
		537D1F8B1E94DC5F009FBC0C /* ConstraintConstantTarget.swift */ = {isa = PBXFileReference; fileEncoding = 4; lastKnownFileType = sourcecode.swift; path = ConstraintConstantTarget.swift; sourceTree = "<group>"; };
		537D1F8C1E94DC5F009FBC0C /* ConstraintDescription.swift */ = {isa = PBXFileReference; fileEncoding = 4; lastKnownFileType = sourcecode.swift; path = ConstraintDescription.swift; sourceTree = "<group>"; };
		537D1F8D1E94DC5F009FBC0C /* ConstraintDSL.swift */ = {isa = PBXFileReference; fileEncoding = 4; lastKnownFileType = sourcecode.swift; path = ConstraintDSL.swift; sourceTree = "<group>"; };
		537D1F8E1E94DC5F009FBC0C /* ConstraintInsets.swift */ = {isa = PBXFileReference; fileEncoding = 4; lastKnownFileType = sourcecode.swift; path = ConstraintInsets.swift; sourceTree = "<group>"; };
		537D1F8F1E94DC5F009FBC0C /* ConstraintInsetTarget.swift */ = {isa = PBXFileReference; fileEncoding = 4; lastKnownFileType = sourcecode.swift; path = ConstraintInsetTarget.swift; sourceTree = "<group>"; };
		537D1F901E94DC5F009FBC0C /* ConstraintItem.swift */ = {isa = PBXFileReference; fileEncoding = 4; lastKnownFileType = sourcecode.swift; path = ConstraintItem.swift; sourceTree = "<group>"; };
		537D1F911E94DC5F009FBC0C /* ConstraintLayoutGuide+Extensions.swift */ = {isa = PBXFileReference; fileEncoding = 4; lastKnownFileType = sourcecode.swift; path = "ConstraintLayoutGuide+Extensions.swift"; sourceTree = "<group>"; };
		537D1F921E94DC5F009FBC0C /* ConstraintLayoutGuide.swift */ = {isa = PBXFileReference; fileEncoding = 4; lastKnownFileType = sourcecode.swift; path = ConstraintLayoutGuide.swift; sourceTree = "<group>"; };
		537D1F931E94DC5F009FBC0C /* ConstraintLayoutGuideDSL.swift */ = {isa = PBXFileReference; fileEncoding = 4; lastKnownFileType = sourcecode.swift; path = ConstraintLayoutGuideDSL.swift; sourceTree = "<group>"; };
		537D1F941E94DC5F009FBC0C /* ConstraintLayoutSupport.swift */ = {isa = PBXFileReference; fileEncoding = 4; lastKnownFileType = sourcecode.swift; path = ConstraintLayoutSupport.swift; sourceTree = "<group>"; };
		537D1F951E94DC5F009FBC0C /* ConstraintLayoutSupportDSL.swift */ = {isa = PBXFileReference; fileEncoding = 4; lastKnownFileType = sourcecode.swift; path = ConstraintLayoutSupportDSL.swift; sourceTree = "<group>"; };
		537D1F961E94DC5F009FBC0C /* ConstraintMaker.swift */ = {isa = PBXFileReference; fileEncoding = 4; lastKnownFileType = sourcecode.swift; path = ConstraintMaker.swift; sourceTree = "<group>"; };
		537D1F971E94DC5F009FBC0C /* ConstraintMakerEditable.swift */ = {isa = PBXFileReference; fileEncoding = 4; lastKnownFileType = sourcecode.swift; path = ConstraintMakerEditable.swift; sourceTree = "<group>"; };
		537D1F981E94DC5F009FBC0C /* ConstraintMakerExtendable.swift */ = {isa = PBXFileReference; fileEncoding = 4; lastKnownFileType = sourcecode.swift; path = ConstraintMakerExtendable.swift; sourceTree = "<group>"; };
		537D1F991E94DC5F009FBC0C /* ConstraintMakerFinalizable.swift */ = {isa = PBXFileReference; fileEncoding = 4; lastKnownFileType = sourcecode.swift; path = ConstraintMakerFinalizable.swift; sourceTree = "<group>"; };
		537D1F9A1E94DC5F009FBC0C /* ConstraintMakerPriortizable.swift */ = {isa = PBXFileReference; fileEncoding = 4; lastKnownFileType = sourcecode.swift; path = ConstraintMakerPriortizable.swift; sourceTree = "<group>"; };
		537D1F9B1E94DC5F009FBC0C /* ConstraintMakerRelatable.swift */ = {isa = PBXFileReference; fileEncoding = 4; lastKnownFileType = sourcecode.swift; path = ConstraintMakerRelatable.swift; sourceTree = "<group>"; };
		537D1F9C1E94DC5F009FBC0C /* ConstraintMultiplierTarget.swift */ = {isa = PBXFileReference; fileEncoding = 4; lastKnownFileType = sourcecode.swift; path = ConstraintMultiplierTarget.swift; sourceTree = "<group>"; };
		537D1F9D1E94DC5F009FBC0C /* ConstraintOffsetTarget.swift */ = {isa = PBXFileReference; fileEncoding = 4; lastKnownFileType = sourcecode.swift; path = ConstraintOffsetTarget.swift; sourceTree = "<group>"; };
		537D1F9E1E94DC5F009FBC0C /* ConstraintPriority.swift */ = {isa = PBXFileReference; fileEncoding = 4; lastKnownFileType = sourcecode.swift; path = ConstraintPriority.swift; sourceTree = "<group>"; };
		537D1F9F1E94DC5F009FBC0C /* ConstraintPriorityTarget.swift */ = {isa = PBXFileReference; fileEncoding = 4; lastKnownFileType = sourcecode.swift; path = ConstraintPriorityTarget.swift; sourceTree = "<group>"; };
		537D1FA01E94DC5F009FBC0C /* ConstraintRelatableTarget.swift */ = {isa = PBXFileReference; fileEncoding = 4; lastKnownFileType = sourcecode.swift; path = ConstraintRelatableTarget.swift; sourceTree = "<group>"; };
		537D1FA11E94DC5F009FBC0C /* ConstraintRelation.swift */ = {isa = PBXFileReference; fileEncoding = 4; lastKnownFileType = sourcecode.swift; path = ConstraintRelation.swift; sourceTree = "<group>"; };
		537D1FA21E94DC5F009FBC0C /* ConstraintView+Extensions.swift */ = {isa = PBXFileReference; fileEncoding = 4; lastKnownFileType = sourcecode.swift; path = "ConstraintView+Extensions.swift"; sourceTree = "<group>"; };
		537D1FA31E94DC5F009FBC0C /* ConstraintView.swift */ = {isa = PBXFileReference; fileEncoding = 4; lastKnownFileType = sourcecode.swift; path = ConstraintView.swift; sourceTree = "<group>"; };
		537D1FA41E94DC5F009FBC0C /* ConstraintViewDSL.swift */ = {isa = PBXFileReference; fileEncoding = 4; lastKnownFileType = sourcecode.swift; path = ConstraintViewDSL.swift; sourceTree = "<group>"; };
		537D1FA51E94DC5F009FBC0C /* Debugging.swift */ = {isa = PBXFileReference; fileEncoding = 4; lastKnownFileType = sourcecode.swift; path = Debugging.swift; sourceTree = "<group>"; };
		537D1FA61E94DC5F009FBC0C /* Info.plist */ = {isa = PBXFileReference; fileEncoding = 4; lastKnownFileType = text.plist.xml; path = Info.plist; sourceTree = "<group>"; };
		537D1FA71E94DC5F009FBC0C /* LayoutConstraint.swift */ = {isa = PBXFileReference; fileEncoding = 4; lastKnownFileType = sourcecode.swift; path = LayoutConstraint.swift; sourceTree = "<group>"; };
		537D1FA81E94DC5F009FBC0C /* LayoutConstraintItem.swift */ = {isa = PBXFileReference; fileEncoding = 4; lastKnownFileType = sourcecode.swift; path = LayoutConstraintItem.swift; sourceTree = "<group>"; };
		537D1FA91E94DC5F009FBC0C /* SnapKit.h */ = {isa = PBXFileReference; fileEncoding = 4; lastKnownFileType = sourcecode.c.h; path = SnapKit.h; sourceTree = "<group>"; };
		537D1FAA1E94DC5F009FBC0C /* UILayoutSupport+Extensions.swift */ = {isa = PBXFileReference; fileEncoding = 4; lastKnownFileType = sourcecode.swift; path = "UILayoutSupport+Extensions.swift"; sourceTree = "<group>"; };
		537D1FAC1E94DC5F009FBC0C /* CCRequestUtil.swift */ = {isa = PBXFileReference; fileEncoding = 4; lastKnownFileType = sourcecode.swift; path = CCRequestUtil.swift; sourceTree = "<group>"; };
		537D1FD51E94DCA5009FBC0C /* CCLoginController.swift */ = {isa = PBXFileReference; fileEncoding = 4; lastKnownFileType = sourcecode.swift; path = CCLoginController.swift; sourceTree = "<group>"; };
		537D1FD91E94DE0F009FBC0C /* User.h */ = {isa = PBXFileReference; fileEncoding = 4; lastKnownFileType = sourcecode.c.h; path = User.h; sourceTree = "<group>"; };
		537D1FDA1E94DE0F009FBC0C /* User.m */ = {isa = PBXFileReference; fileEncoding = 4; lastKnownFileType = sourcecode.c.objc; path = User.m; sourceTree = "<group>"; };
		537D1FDD1E94E109009FBC0C /* ActivityIndicatorButton.h */ = {isa = PBXFileReference; fileEncoding = 4; lastKnownFileType = sourcecode.c.h; path = ActivityIndicatorButton.h; sourceTree = "<group>"; };
		537D1FDE1E94E109009FBC0C /* ActivityIndicatorButton.m */ = {isa = PBXFileReference; fileEncoding = 4; lastKnownFileType = sourcecode.c.objc; path = ActivityIndicatorButton.m; sourceTree = "<group>"; };
		738CE44C37C763CFF31B71CF /* Pods-gogogo.release.xcconfig */ = {isa = PBXFileReference; includeInIndex = 1; lastKnownFileType = text.xcconfig; name = "Pods-gogogo.release.xcconfig"; path = "Pods/Target Support Files/Pods-gogogo/Pods-gogogo.release.xcconfig"; sourceTree = "<group>"; };
		DCE506E81E81807B00C46232 /* gogogo.app */ = {isa = PBXFileReference; explicitFileType = wrapper.application; includeInIndex = 0; path = gogogo.app; sourceTree = BUILT_PRODUCTS_DIR; };
		DCE506FC1E81807B00C46232 /* gogogoTests.xctest */ = {isa = PBXFileReference; explicitFileType = wrapper.cfbundle; includeInIndex = 0; path = gogogoTests.xctest; sourceTree = BUILT_PRODUCTS_DIR; };
		DCE507001E81807B00C46232 /* gogogoTests.swift */ = {isa = PBXFileReference; lastKnownFileType = sourcecode.swift; path = gogogoTests.swift; sourceTree = "<group>"; };
		DCE507021E81807B00C46232 /* Info.plist */ = {isa = PBXFileReference; lastKnownFileType = text.plist.xml; path = Info.plist; sourceTree = "<group>"; };
		DCE507071E81807B00C46232 /* gogogoUITests.xctest */ = {isa = PBXFileReference; explicitFileType = wrapper.cfbundle; includeInIndex = 0; path = gogogoUITests.xctest; sourceTree = BUILT_PRODUCTS_DIR; };
		DCE5070B1E81807B00C46232 /* gogogoUITests.swift */ = {isa = PBXFileReference; lastKnownFileType = sourcecode.swift; path = gogogoUITests.swift; sourceTree = "<group>"; };
		DCE5070D1E81807B00C46232 /* Info.plist */ = {isa = PBXFileReference; lastKnownFileType = text.plist.xml; path = Info.plist; sourceTree = "<group>"; };
		DCE5071D1E81815700C46232 /* AppDelegate.swift */ = {isa = PBXFileReference; fileEncoding = 4; lastKnownFileType = sourcecode.swift; path = AppDelegate.swift; sourceTree = "<group>"; };
		DCE5071F1E81818E00C46232 /* Assets.xcassets */ = {isa = PBXFileReference; lastKnownFileType = folder.assetcatalog; path = Assets.xcassets; sourceTree = "<group>"; };
		DCE507231E81818E00C46232 /* Info.plist */ = {isa = PBXFileReference; fileEncoding = 4; lastKnownFileType = text.plist.xml; path = Info.plist; sourceTree = "<group>"; };
		DCE5072D1E8185D000C46232 /* gogogo-Bridging-Header.h */ = {isa = PBXFileReference; fileEncoding = 4; lastKnownFileType = sourcecode.c.h; path = "gogogo-Bridging-Header.h"; sourceTree = "<group>"; };
		DCE5072E1E81893800C46232 /* Common.swift */ = {isa = PBXFileReference; fileEncoding = 4; lastKnownFileType = sourcecode.swift; path = Common.swift; sourceTree = "<group>"; };
		DCE507311E818C3B00C46232 /* CCMainViewController.swift */ = {isa = PBXFileReference; fileEncoding = 4; lastKnownFileType = sourcecode.swift; path = CCMainViewController.swift; sourceTree = "<group>"; };
		DCE507351E818C8400C46232 /* CCMainTableViewCell.swift */ = {isa = PBXFileReference; fileEncoding = 4; lastKnownFileType = sourcecode.swift; path = CCMainTableViewCell.swift; sourceTree = "<group>"; };
/* End PBXFileReference section */

/* Begin PBXFrameworksBuildPhase section */
		DCE506E51E81807B00C46232 /* Frameworks */ = {
			isa = PBXFrameworksBuildPhase;
			buildActionMask = 2147483647;
			files = (
				537D1F7B1E94D795009FBC0C /* Pods_gogogo.framework in Frameworks */,
			);
			runOnlyForDeploymentPostprocessing = 0;
		};
		DCE506F91E81807B00C46232 /* Frameworks */ = {
			isa = PBXFrameworksBuildPhase;
			buildActionMask = 2147483647;
			files = (
			);
			runOnlyForDeploymentPostprocessing = 0;
		};
		DCE507041E81807B00C46232 /* Frameworks */ = {
			isa = PBXFrameworksBuildPhase;
			buildActionMask = 2147483647;
			files = (
			);
			runOnlyForDeploymentPostprocessing = 0;
		};
/* End PBXFrameworksBuildPhase section */

/* Begin PBXGroup section */
		537D1F811E94DC5F009FBC0C /* tools */ = {
			isa = PBXGroup;
			children = (
				537D1FDC1E94E109009FBC0C /* ActivityIndicatorButton */,
				537D1F821E94DC5F009FBC0C /* SLSlideMenu */,
				537D1F871E94DC5F009FBC0C /* snapKit */,
				537D1FAB1E94DC5F009FBC0C /* Util */,
			);
			path = tools;
			sourceTree = "<group>";
		};
		537D1F821E94DC5F009FBC0C /* SLSlideMenu */ = {
			isa = PBXGroup;
			children = (
				537D1F831E94DC5F009FBC0C /* SLScreenEdgePanGestureRecognizer.h */,
				537D1F841E94DC5F009FBC0C /* SLScreenEdgePanGestureRecognizer.m */,
				537D1F851E94DC5F009FBC0C /* SLSlideMenu.h */,
				537D1F861E94DC5F009FBC0C /* SLSlideMenu.m */,
			);
			path = SLSlideMenu;
			sourceTree = "<group>";
		};
		537D1F871E94DC5F009FBC0C /* snapKit */ = {
			isa = PBXGroup;
			children = (
				537D1F881E94DC5F009FBC0C /* Constraint.swift */,
				537D1F891E94DC5F009FBC0C /* ConstraintAttributes.swift */,
				537D1F8A1E94DC5F009FBC0C /* ConstraintConfig.swift */,
				537D1F8B1E94DC5F009FBC0C /* ConstraintConstantTarget.swift */,
				537D1F8C1E94DC5F009FBC0C /* ConstraintDescription.swift */,
				537D1F8D1E94DC5F009FBC0C /* ConstraintDSL.swift */,
				537D1F8E1E94DC5F009FBC0C /* ConstraintInsets.swift */,
				537D1F8F1E94DC5F009FBC0C /* ConstraintInsetTarget.swift */,
				537D1F901E94DC5F009FBC0C /* ConstraintItem.swift */,
				537D1F911E94DC5F009FBC0C /* ConstraintLayoutGuide+Extensions.swift */,
				537D1F921E94DC5F009FBC0C /* ConstraintLayoutGuide.swift */,
				537D1F931E94DC5F009FBC0C /* ConstraintLayoutGuideDSL.swift */,
				537D1F941E94DC5F009FBC0C /* ConstraintLayoutSupport.swift */,
				537D1F951E94DC5F009FBC0C /* ConstraintLayoutSupportDSL.swift */,
				537D1F961E94DC5F009FBC0C /* ConstraintMaker.swift */,
				537D1F971E94DC5F009FBC0C /* ConstraintMakerEditable.swift */,
				537D1F981E94DC5F009FBC0C /* ConstraintMakerExtendable.swift */,
				537D1F991E94DC5F009FBC0C /* ConstraintMakerFinalizable.swift */,
				537D1F9A1E94DC5F009FBC0C /* ConstraintMakerPriortizable.swift */,
				537D1F9B1E94DC5F009FBC0C /* ConstraintMakerRelatable.swift */,
				537D1F9C1E94DC5F009FBC0C /* ConstraintMultiplierTarget.swift */,
				537D1F9D1E94DC5F009FBC0C /* ConstraintOffsetTarget.swift */,
				537D1F9E1E94DC5F009FBC0C /* ConstraintPriority.swift */,
				537D1F9F1E94DC5F009FBC0C /* ConstraintPriorityTarget.swift */,
				537D1FA01E94DC5F009FBC0C /* ConstraintRelatableTarget.swift */,
				537D1FA11E94DC5F009FBC0C /* ConstraintRelation.swift */,
				537D1FA21E94DC5F009FBC0C /* ConstraintView+Extensions.swift */,
				537D1FA31E94DC5F009FBC0C /* ConstraintView.swift */,
				537D1FA41E94DC5F009FBC0C /* ConstraintViewDSL.swift */,
				537D1FA51E94DC5F009FBC0C /* Debugging.swift */,
				537D1FA61E94DC5F009FBC0C /* Info.plist */,
				537D1FA71E94DC5F009FBC0C /* LayoutConstraint.swift */,
				537D1FA81E94DC5F009FBC0C /* LayoutConstraintItem.swift */,
				537D1FA91E94DC5F009FBC0C /* SnapKit.h */,
				537D1FAA1E94DC5F009FBC0C /* UILayoutSupport+Extensions.swift */,
			);
			path = snapKit;
			sourceTree = "<group>";
		};
		537D1FAB1E94DC5F009FBC0C /* Util */ = {
			isa = PBXGroup;
			children = (
				537D1FAC1E94DC5F009FBC0C /* CCRequestUtil.swift */,
			);
			path = Util;
			sourceTree = "<group>";
		};
		537D1FD21E94DC72009FBC0C /* Controller */ = {
			isa = PBXGroup;
			children = (
				537D1FD51E94DCA5009FBC0C /* CCLoginController.swift */,
			);
			path = Controller;
			sourceTree = "<group>";
		};
		537D1FD31E94DC72009FBC0C /* Model */ = {
			isa = PBXGroup;
			children = (
			);
			path = Model;
			sourceTree = "<group>";
		};
		537D1FD41E94DC72009FBC0C /* View */ = {
			isa = PBXGroup;
			children = (
			);
			path = View;
			sourceTree = "<group>";
		};
		537D1FD71E94DE00009FBC0C /* User */ = {
			isa = PBXGroup;
			children = (
				537D1FD81E94DE00009FBC0C /* Model */,
			);
			path = User;
			sourceTree = "<group>";
		};
		537D1FD81E94DE00009FBC0C /* Model */ = {
			isa = PBXGroup;
			children = (
				537D1FD91E94DE0F009FBC0C /* User.h */,
				537D1FDA1E94DE0F009FBC0C /* User.m */,
			);
			path = Model;
			sourceTree = "<group>";
		};
		537D1FDC1E94E109009FBC0C /* ActivityIndicatorButton */ = {
			isa = PBXGroup;
			children = (
				537D1FDD1E94E109009FBC0C /* ActivityIndicatorButton.h */,
				537D1FDE1E94E109009FBC0C /* ActivityIndicatorButton.m */,
			);
			path = ActivityIndicatorButton;
			sourceTree = "<group>";
		};
		8504E1A2AA1C0856C2DDD36A /* Frameworks */ = {
			isa = PBXGroup;
			children = (
				537D1F7A1E94D795009FBC0C /* Pods_gogogo.framework */,
				24BA0E8255AD85CDBA005A28 /* Pods_gogogo.framework */,
			);
			name = Frameworks;
			sourceTree = "<group>";
		};
		AE0E8BEE27636399BF20C65A /* Pods */ = {
			isa = PBXGroup;
			children = (
				4C3E7EE6731A75C30FC7F660 /* Pods-gogogo.debug.xcconfig */,
				738CE44C37C763CFF31B71CF /* Pods-gogogo.release.xcconfig */,
			);
			name = Pods;
			sourceTree = "<group>";
		};
		DCE506DF1E81807B00C46232 = {
			isa = PBXGroup;
			children = (
				DCE506EA1E81807B00C46232 /* gogogo */,
				DCE506FF1E81807B00C46232 /* gogogoTests */,
				DCE5070A1E81807B00C46232 /* gogogoUITests */,
				DCE506E91E81807B00C46232 /* Products */,
				AE0E8BEE27636399BF20C65A /* Pods */,
				8504E1A2AA1C0856C2DDD36A /* Frameworks */,
			);
			sourceTree = "<group>";
		};
		DCE506E91E81807B00C46232 /* Products */ = {
			isa = PBXGroup;
			children = (
				DCE506E81E81807B00C46232 /* gogogo.app */,
				DCE506FC1E81807B00C46232 /* gogogoTests.xctest */,
				DCE507071E81807B00C46232 /* gogogoUITests.xctest */,
			);
			name = Products;
			sourceTree = "<group>";
		};
		DCE506EA1E81807B00C46232 /* gogogo */ = {
			isa = PBXGroup;
			children = (
				537D1F811E94DC5F009FBC0C /* tools */,
				DCE507191E81815700C46232 /* classes */,
				DCE5071C1E81815700C46232 /* other */,
			);
			path = gogogo;
			sourceTree = "<group>";
		};
		DCE506FF1E81807B00C46232 /* gogogoTests */ = {
			isa = PBXGroup;
			children = (
				DCE507001E81807B00C46232 /* gogogoTests.swift */,
				DCE507021E81807B00C46232 /* Info.plist */,
			);
			path = gogogoTests;
			sourceTree = "<group>";
		};
		DCE5070A1E81807B00C46232 /* gogogoUITests */ = {
			isa = PBXGroup;
			children = (
				DCE5070B1E81807B00C46232 /* gogogoUITests.swift */,
				DCE5070D1E81807B00C46232 /* Info.plist */,
			);
			path = gogogoUITests;
			sourceTree = "<group>";
		};
		DCE507191E81815700C46232 /* classes */ = {
			isa = PBXGroup;
			children = (
				537D1FD71E94DE00009FBC0C /* User */,
				DCE5071A1E81815700C46232 /* login */,
				DCE5071B1E81815700C46232 /* main */,
			);
			path = classes;
			sourceTree = "<group>";
		};
		DCE5071A1E81815700C46232 /* login */ = {
			isa = PBXGroup;
			children = (
				537D1FD21E94DC72009FBC0C /* Controller */,
				537D1FD31E94DC72009FBC0C /* Model */,
				537D1FD41E94DC72009FBC0C /* View */,
			);
			path = login;
			sourceTree = "<group>";
		};
		DCE5071B1E81815700C46232 /* main */ = {
			isa = PBXGroup;
			children = (
				DCE507301E818C3B00C46232 /* controller */,
				DCE507321E818C3B00C46232 /* model */,
				DCE507331E818C3B00C46232 /* view */,
			);
			path = main;
			sourceTree = "<group>";
		};
		DCE5071C1E81815700C46232 /* other */ = {
			isa = PBXGroup;
			children = (
				DCE5072E1E81893800C46232 /* Common.swift */,
				DCE5072D1E8185D000C46232 /* gogogo-Bridging-Header.h */,
				DCE5071F1E81818E00C46232 /* Assets.xcassets */,
				DCE507231E81818E00C46232 /* Info.plist */,
				DCE5071D1E81815700C46232 /* AppDelegate.swift */,
			);
			path = other;
			sourceTree = "<group>";
		};
		DCE507301E818C3B00C46232 /* controller */ = {
			isa = PBXGroup;
			children = (
				DCE507311E818C3B00C46232 /* CCMainViewController.swift */,
			);
			path = controller;
			sourceTree = "<group>";
		};
		DCE507321E818C3B00C46232 /* model */ = {
			isa = PBXGroup;
			children = (
			);
			path = model;
			sourceTree = "<group>";
		};
		DCE507331E818C3B00C46232 /* view */ = {
			isa = PBXGroup;
			children = (
				DCE507351E818C8400C46232 /* CCMainTableViewCell.swift */,
			);
			path = view;
			sourceTree = "<group>";
		};
/* End PBXGroup section */

/* Begin PBXNativeTarget section */
		DCE506E71E81807B00C46232 /* gogogo */ = {
			isa = PBXNativeTarget;
			buildConfigurationList = DCE507101E81807B00C46232 /* Build configuration list for PBXNativeTarget "gogogo" */;
			buildPhases = (
				98C8A045E751F394E393711F /* [CP] Check Pods Manifest.lock */,
				DCE506E41E81807B00C46232 /* Sources */,
				DCE506E51E81807B00C46232 /* Frameworks */,
				DCE506E61E81807B00C46232 /* Resources */,
				E92DF6C430B5D9DC36B3E706 /* [CP] Embed Pods Frameworks */,
				1C263123C7E08ACB086F6F18 /* [CP] Copy Pods Resources */,
				537D1F7F1E94D7ED009FBC0C /* Embed Frameworks */,
			);
			buildRules = (
			);
			dependencies = (
			);
			name = gogogo;
			productName = gogogo;
			productReference = DCE506E81E81807B00C46232 /* gogogo.app */;
			productType = "com.apple.product-type.application";
		};
		DCE506FB1E81807B00C46232 /* gogogoTests */ = {
			isa = PBXNativeTarget;
			buildConfigurationList = DCE507131E81807B00C46232 /* Build configuration list for PBXNativeTarget "gogogoTests" */;
			buildPhases = (
				DCE506F81E81807B00C46232 /* Sources */,
				DCE506F91E81807B00C46232 /* Frameworks */,
				DCE506FA1E81807B00C46232 /* Resources */,
			);
			buildRules = (
			);
			dependencies = (
				DCE506FE1E81807B00C46232 /* PBXTargetDependency */,
			);
			name = gogogoTests;
			productName = gogogoTests;
			productReference = DCE506FC1E81807B00C46232 /* gogogoTests.xctest */;
			productType = "com.apple.product-type.bundle.unit-test";
		};
		DCE507061E81807B00C46232 /* gogogoUITests */ = {
			isa = PBXNativeTarget;
			buildConfigurationList = DCE507161E81807B00C46232 /* Build configuration list for PBXNativeTarget "gogogoUITests" */;
			buildPhases = (
				DCE507031E81807B00C46232 /* Sources */,
				DCE507041E81807B00C46232 /* Frameworks */,
				DCE507051E81807B00C46232 /* Resources */,
			);
			buildRules = (
			);
			dependencies = (
				DCE507091E81807B00C46232 /* PBXTargetDependency */,
			);
			name = gogogoUITests;
			productName = gogogoUITests;
			productReference = DCE507071E81807B00C46232 /* gogogoUITests.xctest */;
			productType = "com.apple.product-type.bundle.ui-testing";
		};
/* End PBXNativeTarget section */

/* Begin PBXProject section */
		DCE506E01E81807B00C46232 /* Project object */ = {
			isa = PBXProject;
			attributes = {
				LastSwiftUpdateCheck = 0820;
				LastUpgradeCheck = 0820;
				ORGANIZATIONNAME = "陈伟";
				TargetAttributes = {
					DCE506E71E81807B00C46232 = {
						CreatedOnToolsVersion = 8.2.1;
						LastSwiftMigration = 0820;
						ProvisioningStyle = Automatic;
					};
					DCE506FB1E81807B00C46232 = {
						CreatedOnToolsVersion = 8.2.1;
						ProvisioningStyle = Automatic;
						TestTargetID = DCE506E71E81807B00C46232;
					};
					DCE507061E81807B00C46232 = {
						CreatedOnToolsVersion = 8.2.1;
						ProvisioningStyle = Automatic;
						TestTargetID = DCE506E71E81807B00C46232;
					};
				};
			};
			buildConfigurationList = DCE506E31E81807B00C46232 /* Build configuration list for PBXProject "gogogo" */;
			compatibilityVersion = "Xcode 3.2";
			developmentRegion = English;
			hasScannedForEncodings = 0;
			knownRegions = (
				en,
				Base,
			);
			mainGroup = DCE506DF1E81807B00C46232;
			productRefGroup = DCE506E91E81807B00C46232 /* Products */;
			projectDirPath = "";
			projectRoot = "";
			targets = (
				DCE506E71E81807B00C46232 /* gogogo */,
				DCE506FB1E81807B00C46232 /* gogogoTests */,
				DCE507061E81807B00C46232 /* gogogoUITests */,
			);
		};
/* End PBXProject section */

/* Begin PBXResourcesBuildPhase section */
		DCE506E61E81807B00C46232 /* Resources */ = {
			isa = PBXResourcesBuildPhase;
			buildActionMask = 2147483647;
			files = (
				DCE507241E81818E00C46232 /* Assets.xcassets in Resources */,
				DCE507261E81818E00C46232 /* Info.plist in Resources */,
				537D1FCD1E94DC5F009FBC0C /* Info.plist in Resources */,
			);
			runOnlyForDeploymentPostprocessing = 0;
		};
		DCE506FA1E81807B00C46232 /* Resources */ = {
			isa = PBXResourcesBuildPhase;
			buildActionMask = 2147483647;
			files = (
			);
			runOnlyForDeploymentPostprocessing = 0;
		};
		DCE507051E81807B00C46232 /* Resources */ = {
			isa = PBXResourcesBuildPhase;
			buildActionMask = 2147483647;
			files = (
			);
			runOnlyForDeploymentPostprocessing = 0;
		};
/* End PBXResourcesBuildPhase section */

/* Begin PBXShellScriptBuildPhase section */
		1C263123C7E08ACB086F6F18 /* [CP] Copy Pods Resources */ = {
			isa = PBXShellScriptBuildPhase;
			buildActionMask = 2147483647;
			files = (
			);
			inputPaths = (
			);
			name = "[CP] Copy Pods Resources";
			outputPaths = (
			);
			runOnlyForDeploymentPostprocessing = 0;
			shellPath = /bin/sh;
			shellScript = "\"${SRCROOT}/Pods/Target Support Files/Pods-gogogo/Pods-gogogo-resources.sh\"\n";
			showEnvVarsInLog = 0;
		};
		98C8A045E751F394E393711F /* [CP] Check Pods Manifest.lock */ = {
			isa = PBXShellScriptBuildPhase;
			buildActionMask = 2147483647;
			files = (
			);
			inputPaths = (
			);
			name = "[CP] Check Pods Manifest.lock";
			outputPaths = (
			);
			runOnlyForDeploymentPostprocessing = 0;
			shellPath = /bin/sh;
			shellScript = "diff \"${PODS_ROOT}/../Podfile.lock\" \"${PODS_ROOT}/Manifest.lock\" > /dev/null\nif [ $? != 0 ] ; then\n    # print error to STDERR\n    echo \"error: The sandbox is not in sync with the Podfile.lock. Run 'pod install' or update your CocoaPods installation.\" >&2\n    exit 1\nfi\n";
			showEnvVarsInLog = 0;
		};
		E92DF6C430B5D9DC36B3E706 /* [CP] Embed Pods Frameworks */ = {
			isa = PBXShellScriptBuildPhase;
			buildActionMask = 2147483647;
			files = (
			);
			inputPaths = (
			);
			name = "[CP] Embed Pods Frameworks";
			outputPaths = (
			);
			runOnlyForDeploymentPostprocessing = 0;
			shellPath = /bin/sh;
			shellScript = "\"${SRCROOT}/Pods/Target Support Files/Pods-gogogo/Pods-gogogo-frameworks.sh\"\n";
			showEnvVarsInLog = 0;
		};
/* End PBXShellScriptBuildPhase section */

/* Begin PBXSourcesBuildPhase section */
		DCE506E41E81807B00C46232 /* Sources */ = {
			isa = PBXSourcesBuildPhase;
			buildActionMask = 2147483647;
			files = (
				DCE5071E1E81815700C46232 /* AppDelegate.swift in Sources */,
				537D1FB01E94DC5F009FBC0C /* ConstraintAttributes.swift in Sources */,
				537D1FBD1E94DC5F009FBC0C /* ConstraintMaker.swift in Sources */,
				537D1FD11E94DC5F009FBC0C /* CCRequestUtil.swift in Sources */,
				537D1FCA1E94DC5F009FBC0C /* ConstraintView.swift in Sources */,
				537D1FB41E94DC5F009FBC0C /* ConstraintDSL.swift in Sources */,
				DCE5072F1E81893800C46232 /* Common.swift in Sources */,
				537D1FCB1E94DC5F009FBC0C /* ConstraintViewDSL.swift in Sources */,
				537D1FDB1E94DE0F009FBC0C /* User.m in Sources */,
				537D1FBC1E94DC5F009FBC0C /* ConstraintLayoutSupportDSL.swift in Sources */,
				537D1FB91E94DC5F009FBC0C /* ConstraintLayoutGuide.swift in Sources */,
				537D1FCF1E94DC5F009FBC0C /* LayoutConstraintItem.swift in Sources */,
				537D1FC61E94DC5F009FBC0C /* ConstraintPriorityTarget.swift in Sources */,
				537D1FCC1E94DC5F009FBC0C /* Debugging.swift in Sources */,
				537D1FBE1E94DC5F009FBC0C /* ConstraintMakerEditable.swift in Sources */,
				537D1FAF1E94DC5F009FBC0C /* Constraint.swift in Sources */,
				537D1FB11E94DC5F009FBC0C /* ConstraintConfig.swift in Sources */,
				537D1FC01E94DC5F009FBC0C /* ConstraintMakerFinalizable.swift in Sources */,
				537D1FAD1E94DC5F009FBC0C /* SLScreenEdgePanGestureRecognizer.m in Sources */,
				537D1FC51E94DC5F009FBC0C /* ConstraintPriority.swift in Sources */,
				537D1FB51E94DC5F009FBC0C /* ConstraintInsets.swift in Sources */,
				537D1FBB1E94DC5F009FBC0C /* ConstraintLayoutSupport.swift in Sources */,
				DCE507361E818C8400C46232 /* CCMainTableViewCell.swift in Sources */,
				537D1FDF1E94E109009FBC0C /* ActivityIndicatorButton.m in Sources */,
				537D1FB21E94DC5F009FBC0C /* ConstraintConstantTarget.swift in Sources */,
				DCE507341E818C3B00C46232 /* CCMainViewController.swift in Sources */,
				537D1FAE1E94DC5F009FBC0C /* SLSlideMenu.m in Sources */,
				537D1FBF1E94DC5F009FBC0C /* ConstraintMakerExtendable.swift in Sources */,
				537D1FB31E94DC5F009FBC0C /* ConstraintDescription.swift in Sources */,
				537D1FC81E94DC5F009FBC0C /* ConstraintRelation.swift in Sources */,
				537D1FC91E94DC5F009FBC0C /* ConstraintView+Extensions.swift in Sources */,
				537D1FB81E94DC5F009FBC0C /* ConstraintLayoutGuide+Extensions.swift in Sources */,
				537D1FC71E94DC5F009FBC0C /* ConstraintRelatableTarget.swift in Sources */,
				537D1FB61E94DC5F009FBC0C /* ConstraintInsetTarget.swift in Sources */,
				537D1FD61E94DCA5009FBC0C /* CCLoginController.swift in Sources */,
				537D1FC41E94DC5F009FBC0C /* ConstraintOffsetTarget.swift in Sources */,
				537D1FCE1E94DC5F009FBC0C /* LayoutConstraint.swift in Sources */,
				537D1FD01E94DC5F009FBC0C /* UILayoutSupport+Extensions.swift in Sources */,
				537D1FB71E94DC5F009FBC0C /* ConstraintItem.swift in Sources */,
				537D1FBA1E94DC5F009FBC0C /* ConstraintLayoutGuideDSL.swift in Sources */,
				537D1FC31E94DC5F009FBC0C /* ConstraintMultiplierTarget.swift in Sources */,
				537D1FC21E94DC5F009FBC0C /* ConstraintMakerRelatable.swift in Sources */,
				537D1FC11E94DC5F009FBC0C /* ConstraintMakerPriortizable.swift in Sources */,
			);
			runOnlyForDeploymentPostprocessing = 0;
		};
		DCE506F81E81807B00C46232 /* Sources */ = {
			isa = PBXSourcesBuildPhase;
			buildActionMask = 2147483647;
			files = (
				DCE507011E81807B00C46232 /* gogogoTests.swift in Sources */,
			);
			runOnlyForDeploymentPostprocessing = 0;
		};
		DCE507031E81807B00C46232 /* Sources */ = {
			isa = PBXSourcesBuildPhase;
			buildActionMask = 2147483647;
			files = (
				DCE5070C1E81807B00C46232 /* gogogoUITests.swift in Sources */,
			);
			runOnlyForDeploymentPostprocessing = 0;
		};
/* End PBXSourcesBuildPhase section */

/* Begin PBXTargetDependency section */
		DCE506FE1E81807B00C46232 /* PBXTargetDependency */ = {
			isa = PBXTargetDependency;
			target = DCE506E71E81807B00C46232 /* gogogo */;
			targetProxy = DCE506FD1E81807B00C46232 /* PBXContainerItemProxy */;
		};
		DCE507091E81807B00C46232 /* PBXTargetDependency */ = {
			isa = PBXTargetDependency;
			target = DCE506E71E81807B00C46232 /* gogogo */;
			targetProxy = DCE507081E81807B00C46232 /* PBXContainerItemProxy */;
		};
/* End PBXTargetDependency section */

/* Begin XCBuildConfiguration section */
		DCE5070E1E81807B00C46232 /* Debug */ = {
			isa = XCBuildConfiguration;
			buildSettings = {
				ALWAYS_SEARCH_USER_PATHS = NO;
				CLANG_ANALYZER_NONNULL = YES;
				CLANG_CXX_LANGUAGE_STANDARD = "gnu++0x";
				CLANG_CXX_LIBRARY = "libc++";
				CLANG_ENABLE_MODULES = YES;
				CLANG_ENABLE_OBJC_ARC = YES;
				CLANG_WARN_BOOL_CONVERSION = YES;
				CLANG_WARN_CONSTANT_CONVERSION = YES;
				CLANG_WARN_DIRECT_OBJC_ISA_USAGE = YES_ERROR;
				CLANG_WARN_DOCUMENTATION_COMMENTS = YES;
				CLANG_WARN_EMPTY_BODY = YES;
				CLANG_WARN_ENUM_CONVERSION = YES;
				CLANG_WARN_INFINITE_RECURSION = YES;
				CLANG_WARN_INT_CONVERSION = YES;
				CLANG_WARN_OBJC_ROOT_CLASS = YES_ERROR;
				CLANG_WARN_SUSPICIOUS_MOVE = YES;
				CLANG_WARN_UNREACHABLE_CODE = YES;
				CLANG_WARN__DUPLICATE_METHOD_MATCH = YES;
				"CODE_SIGN_IDENTITY[sdk=iphoneos*]" = "iPhone Developer";
				COPY_PHASE_STRIP = NO;
				DEBUG_INFORMATION_FORMAT = dwarf;
				ENABLE_STRICT_OBJC_MSGSEND = YES;
				ENABLE_TESTABILITY = YES;
				GCC_C_LANGUAGE_STANDARD = gnu99;
				GCC_DYNAMIC_NO_PIC = NO;
				GCC_NO_COMMON_BLOCKS = YES;
				GCC_OPTIMIZATION_LEVEL = 0;
				GCC_PREPROCESSOR_DEFINITIONS = (
					"DEBUG=1",
					"$(inherited)",
				);
				GCC_WARN_64_TO_32_BIT_CONVERSION = YES;
				GCC_WARN_ABOUT_RETURN_TYPE = YES_ERROR;
				GCC_WARN_UNDECLARED_SELECTOR = YES;
				GCC_WARN_UNINITIALIZED_AUTOS = YES_AGGRESSIVE;
				GCC_WARN_UNUSED_FUNCTION = YES;
				GCC_WARN_UNUSED_VARIABLE = YES;
				IPHONEOS_DEPLOYMENT_TARGET = 10.2;
				MTL_ENABLE_DEBUG_INFO = YES;
				ONLY_ACTIVE_ARCH = YES;
				SDKROOT = iphoneos;
				SWIFT_ACTIVE_COMPILATION_CONDITIONS = DEBUG;
				SWIFT_OPTIMIZATION_LEVEL = "-Onone";
				USER_HEADER_SEARCH_PATHS = "";
			};
			name = Debug;
		};
		DCE5070F1E81807B00C46232 /* Release */ = {
			isa = XCBuildConfiguration;
			buildSettings = {
				ALWAYS_SEARCH_USER_PATHS = NO;
				CLANG_ANALYZER_NONNULL = YES;
				CLANG_CXX_LANGUAGE_STANDARD = "gnu++0x";
				CLANG_CXX_LIBRARY = "libc++";
				CLANG_ENABLE_MODULES = YES;
				CLANG_ENABLE_OBJC_ARC = YES;
				CLANG_WARN_BOOL_CONVERSION = YES;
				CLANG_WARN_CONSTANT_CONVERSION = YES;
				CLANG_WARN_DIRECT_OBJC_ISA_USAGE = YES_ERROR;
				CLANG_WARN_DOCUMENTATION_COMMENTS = YES;
				CLANG_WARN_EMPTY_BODY = YES;
				CLANG_WARN_ENUM_CONVERSION = YES;
				CLANG_WARN_INFINITE_RECURSION = YES;
				CLANG_WARN_INT_CONVERSION = YES;
				CLANG_WARN_OBJC_ROOT_CLASS = YES_ERROR;
				CLANG_WARN_SUSPICIOUS_MOVE = YES;
				CLANG_WARN_UNREACHABLE_CODE = YES;
				CLANG_WARN__DUPLICATE_METHOD_MATCH = YES;
				"CODE_SIGN_IDENTITY[sdk=iphoneos*]" = "iPhone Developer";
				COPY_PHASE_STRIP = NO;
				DEBUG_INFORMATION_FORMAT = "dwarf-with-dsym";
				ENABLE_NS_ASSERTIONS = NO;
				ENABLE_STRICT_OBJC_MSGSEND = YES;
				GCC_C_LANGUAGE_STANDARD = gnu99;
				GCC_NO_COMMON_BLOCKS = YES;
				GCC_WARN_64_TO_32_BIT_CONVERSION = YES;
				GCC_WARN_ABOUT_RETURN_TYPE = YES_ERROR;
				GCC_WARN_UNDECLARED_SELECTOR = YES;
				GCC_WARN_UNINITIALIZED_AUTOS = YES_AGGRESSIVE;
				GCC_WARN_UNUSED_FUNCTION = YES;
				GCC_WARN_UNUSED_VARIABLE = YES;
				IPHONEOS_DEPLOYMENT_TARGET = 10.2;
				MTL_ENABLE_DEBUG_INFO = NO;
				SDKROOT = iphoneos;
				SWIFT_OPTIMIZATION_LEVEL = "-Owholemodule";
				USER_HEADER_SEARCH_PATHS = "";
				VALIDATE_PRODUCT = YES;
			};
			name = Release;
		};
		DCE507111E81807B00C46232 /* Debug */ = {
			isa = XCBuildConfiguration;
			baseConfigurationReference = 4C3E7EE6731A75C30FC7F660 /* Pods-gogogo.debug.xcconfig */;
			buildSettings = {
				ASSETCATALOG_COMPILER_APPICON_NAME = AppIcon;
				CLANG_ENABLE_MODULES = YES;
				FRAMEWORK_SEARCH_PATHS = (
					"$(PROJECT_DIR)",
					"$(inherited)",
				);
				HEADER_SEARCH_PATHS = "\"$(PODS_ROOT)/Alamofire\"";
				INFOPLIST_FILE = "$(SRCROOT)/gogogo/other/Info.plist";
				IPHONEOS_DEPLOYMENT_TARGET = 8.0;
				LD_RUNPATH_SEARCH_PATHS = "$(inherited) @executable_path/Frameworks";
				PRODUCT_BUNDLE_IDENTIFIER = chnvi.gogogo;
				PRODUCT_NAME = "$(TARGET_NAME)";
				SWIFT_OBJC_BRIDGING_HEADER = "$(SRCROOT)/gogogo/other/gogogo-Bridging-Header.h";
				SWIFT_OPTIMIZATION_LEVEL = "-Onone";
				SWIFT_VERSION = 3.0;
			};
			name = Debug;
		};
		DCE507121E81807B00C46232 /* Release */ = {
			isa = XCBuildConfiguration;
			baseConfigurationReference = 738CE44C37C763CFF31B71CF /* Pods-gogogo.release.xcconfig */;
			buildSettings = {
				ASSETCATALOG_COMPILER_APPICON_NAME = AppIcon;
				CLANG_ENABLE_MODULES = YES;
				FRAMEWORK_SEARCH_PATHS = (
					"$(PROJECT_DIR)",
					"$(inherited)",
				);
				HEADER_SEARCH_PATHS = "\"$(PODS_ROOT)/Alamofire\"";
				INFOPLIST_FILE = "$(SRCROOT)/gogogo/other/Info.plist";
				IPHONEOS_DEPLOYMENT_TARGET = 8.0;
				LD_RUNPATH_SEARCH_PATHS = "$(inherited) @executable_path/Frameworks";
				PRODUCT_BUNDLE_IDENTIFIER = chnvi.gogogo;
				PRODUCT_NAME = "$(TARGET_NAME)";
				SWIFT_OBJC_BRIDGING_HEADER = "$(SRCROOT)/gogogo/other/gogogo-Bridging-Header.h";
				SWIFT_VERSION = 3.0;
			};
			name = Release;
		};
		DCE507141E81807B00C46232 /* Debug */ = {
			isa = XCBuildConfiguration;
			buildSettings = {
				ALWAYS_EMBED_SWIFT_STANDARD_LIBRARIES = YES;
				BUNDLE_LOADER = "$(TEST_HOST)";
				INFOPLIST_FILE = gogogoTests/Info.plist;
				LD_RUNPATH_SEARCH_PATHS = "$(inherited) @executable_path/Frameworks @loader_path/Frameworks";
				PRODUCT_BUNDLE_IDENTIFIER = chnvi.gogogoTests;
				PRODUCT_NAME = "$(TARGET_NAME)";
				SWIFT_VERSION = 3.0;
				TEST_HOST = "$(BUILT_PRODUCTS_DIR)/gogogo.app/gogogo";
			};
			name = Debug;
		};
		DCE507151E81807B00C46232 /* Release */ = {
			isa = XCBuildConfiguration;
			buildSettings = {
				ALWAYS_EMBED_SWIFT_STANDARD_LIBRARIES = YES;
				BUNDLE_LOADER = "$(TEST_HOST)";
				INFOPLIST_FILE = gogogoTests/Info.plist;
				LD_RUNPATH_SEARCH_PATHS = "$(inherited) @executable_path/Frameworks @loader_path/Frameworks";
				PRODUCT_BUNDLE_IDENTIFIER = chnvi.gogogoTests;
				PRODUCT_NAME = "$(TARGET_NAME)";
				SWIFT_VERSION = 3.0;
				TEST_HOST = "$(BUILT_PRODUCTS_DIR)/gogogo.app/gogogo";
			};
			name = Release;
		};
		DCE507171E81807B00C46232 /* Debug */ = {
			isa = XCBuildConfiguration;
			buildSettings = {
				ALWAYS_EMBED_SWIFT_STANDARD_LIBRARIES = YES;
				INFOPLIST_FILE = gogogoUITests/Info.plist;
				LD_RUNPATH_SEARCH_PATHS = "$(inherited) @executable_path/Frameworks @loader_path/Frameworks";
				PRODUCT_BUNDLE_IDENTIFIER = chnvi.gogogoUITests;
				PRODUCT_NAME = "$(TARGET_NAME)";
				SWIFT_VERSION = 3.0;
				TEST_TARGET_NAME = gogogo;
			};
			name = Debug;
		};
		DCE507181E81807B00C46232 /* Release */ = {
			isa = XCBuildConfiguration;
			buildSettings = {
				ALWAYS_EMBED_SWIFT_STANDARD_LIBRARIES = YES;
				INFOPLIST_FILE = gogogoUITests/Info.plist;
				LD_RUNPATH_SEARCH_PATHS = "$(inherited) @executable_path/Frameworks @loader_path/Frameworks";
				PRODUCT_BUNDLE_IDENTIFIER = chnvi.gogogoUITests;
				PRODUCT_NAME = "$(TARGET_NAME)";
				SWIFT_VERSION = 3.0;
				TEST_TARGET_NAME = gogogo;
			};
			name = Release;
		};
/* End XCBuildConfiguration section */

/* Begin XCConfigurationList section */
		DCE506E31E81807B00C46232 /* Build configuration list for PBXProject "gogogo" */ = {
			isa = XCConfigurationList;
			buildConfigurations = (
				DCE5070E1E81807B00C46232 /* Debug */,
				DCE5070F1E81807B00C46232 /* Release */,
			);
			defaultConfigurationIsVisible = 0;
			defaultConfigurationName = Release;
		};
		DCE507101E81807B00C46232 /* Build configuration list for PBXNativeTarget "gogogo" */ = {
			isa = XCConfigurationList;
			buildConfigurations = (
				DCE507111E81807B00C46232 /* Debug */,
				DCE507121E81807B00C46232 /* Release */,
			);
			defaultConfigurationIsVisible = 0;
			defaultConfigurationName = Release;
		};
		DCE507131E81807B00C46232 /* Build configuration list for PBXNativeTarget "gogogoTests" */ = {
			isa = XCConfigurationList;
			buildConfigurations = (
				DCE507141E81807B00C46232 /* Debug */,
				DCE507151E81807B00C46232 /* Release */,
			);
			defaultConfigurationIsVisible = 0;
			defaultConfigurationName = Release;
		};
		DCE507161E81807B00C46232 /* Build configuration list for PBXNativeTarget "gogogoUITests" */ = {
			isa = XCConfigurationList;
			buildConfigurations = (
				DCE507171E81807B00C46232 /* Debug */,
				DCE507181E81807B00C46232 /* Release */,
			);
			defaultConfigurationIsVisible = 0;
			defaultConfigurationName = Release;
		};
/* End XCConfigurationList section */
	};
	rootObject = DCE506E01E81807B00C46232 /* Project object */;
}
